
Microsoft Visual Studio Solution File, Format Version 12.00
# Visual Studio Version 17
VisualStudioVersion = 17.4.33213.308
MinimumVisualStudioVersion = 10.0.40219.1
Project("{9A19103F-16F7-4668-BE54-9A1E7A4F7556}") = "AzureCliCredentialExample", "AzureCliCredentialExample\AzureCliCredentialExample.csproj", "{9F079B19-4796-4228-8618-CB7701A2C454}"
EndProject
Project("{2150E333-8FDC-42A3-9474-1A3956D46DE8}") = "Solution Items", "Solution Items", "{D1659967-2AC0-4714-92D9-881F0E76BBC2}"
	ProjectSection(SolutionItems) = preProject
		README.md = README.md
	EndProjectSection
EndProject
Global
	GlobalSection(SolutionConfigurationPlatforms) = preSolution
		Debug|Any CPU = Debug|Any CPU
		Release|Any CPU = Release|Any CPU
	EndGlobalSection
	GlobalSection(ProjectConfigurationPlatforms) = postSolution
		{9F079B19-4796-4228-8618-CB7701A2C454}.Debug|Any CPU.ActiveCfg = Debug|Any CPU
		{9F079B19-4796-4228-8618-CB7701A2C454}.Debug|Any CPU.Build.0 = Debug|Any CPU
		{9F079B19-4796-4228-8618-CB7701A2C454}.Release|Any CPU.ActiveCfg = Release|Any CPU
		{9F079B19-4796-4228-8618-CB7701A2C454}.Release|Any CPU.Build.0 = Release|Any CPU
	EndGlobalSection
	GlobalSection(SolutionProperties) = preSolution
		HideSolutionNode = FALSE
	EndGlobalSection
	GlobalSection(ExtensibilityGlobals) = postSolution
		SolutionGuid = {9D1AD045-4C6F-4365-BE59-DB4E40C7C43B}
	EndGlobalSection
EndGlobal
